// !$*UTF8*$!
{
	archiveVersion = 1;
	classes = {
	};
	objectVersion = 55;
	objects = {

/* Begin PBXBuildFile section */
		CF6CC162287E963C00976A28 /* AnniverseryCalenderViewController.swift in Sources */ = {isa = PBXBuildFile; fileRef = CF6CC161287E963C00976A28 /* AnniverseryCalenderViewController.swift */; };
		CF9C9894287C2330006AB8D7 /* AppDelegate.swift in Sources */ = {isa = PBXBuildFile; fileRef = CF9C9893287C2330006AB8D7 /* AppDelegate.swift */; };
		CF9C9896287C2330006AB8D7 /* SceneDelegate.swift in Sources */ = {isa = PBXBuildFile; fileRef = CF9C9895287C2330006AB8D7 /* SceneDelegate.swift */; };
		CF9C9898287C2330006AB8D7 /* ViewController.swift in Sources */ = {isa = PBXBuildFile; fileRef = CF9C9897287C2330006AB8D7 /* ViewController.swift */; };
		CF9C989B287C2330006AB8D7 /* Main.storyboard in Resources */ = {isa = PBXBuildFile; fileRef = CF9C9899287C2330006AB8D7 /* Main.storyboard */; };
		CF9C989D287C2331006AB8D7 /* Assets.xcassets in Resources */ = {isa = PBXBuildFile; fileRef = CF9C989C287C2331006AB8D7 /* Assets.xcassets */; };
		CF9C98A0287C2331006AB8D7 /* LaunchScreen.storyboard in Resources */ = {isa = PBXBuildFile; fileRef = CF9C989E287C2331006AB8D7 /* LaunchScreen.storyboard */; };
		CF9C98A8287CA1B5006AB8D7 /* Data.swift in Sources */ = {isa = PBXBuildFile; fileRef = CF9C98A7287CA1B5006AB8D7 /* Data.swift */; };
		CF9C98AA287D2141006AB8D7 /* SegmentViewController.swift in Sources */ = {isa = PBXBuildFile; fileRef = CF9C98A9287D2141006AB8D7 /* SegmentViewController.swift */; };
/* End PBXBuildFile section */

/* Begin PBXFileReference section */
		CF6CC161287E963C00976A28 /* AnniverseryCalenderViewController.swift */ = {isa = PBXFileReference; lastKnownFileType = sourcecode.swift; path = AnniverseryCalenderViewController.swift; sourceTree = "<group>"; };
		CF9C9890287C2330006AB8D7 /* EmotionDiary.app */ = {isa = PBXFileReference; explicitFileType = wrapper.application; includeInIndex = 0; path = EmotionDiary.app; sourceTree = BUILT_PRODUCTS_DIR; };
		CF9C9893287C2330006AB8D7 /* AppDelegate.swift */ = {isa = PBXFileReference; lastKnownFileType = sourcecode.swift; path = AppDelegate.swift; sourceTree = "<group>"; };
		CF9C9895287C2330006AB8D7 /* SceneDelegate.swift */ = {isa = PBXFileReference; lastKnownFileType = sourcecode.swift; path = SceneDelegate.swift; sourceTree = "<group>"; };
		CF9C9897287C2330006AB8D7 /* ViewController.swift */ = {isa = PBXFileReference; lastKnownFileType = sourcecode.swift; path = ViewController.swift; sourceTree = "<group>"; };
		CF9C989A287C2330006AB8D7 /* Base */ = {isa = PBXFileReference; lastKnownFileType = file.storyboard; name = Base; path = Base.lproj/Main.storyboard; sourceTree = "<group>"; };
		CF9C989C287C2331006AB8D7 /* Assets.xcassets */ = {isa = PBXFileReference; lastKnownFileType = folder.assetcatalog; path = Assets.xcassets; sourceTree = "<group>"; };
		CF9C989F287C2331006AB8D7 /* Base */ = {isa = PBXFileReference; lastKnownFileType = file.storyboard; name = Base; path = Base.lproj/LaunchScreen.storyboard; sourceTree = "<group>"; };
		CF9C98A1287C2331006AB8D7 /* Info.plist */ = {isa = PBXFileReference; lastKnownFileType = text.plist.xml; path = Info.plist; sourceTree = "<group>"; };
		CF9C98A7287CA1B5006AB8D7 /* Data.swift */ = {isa = PBXFileReference; lastKnownFileType = sourcecode.swift; path = Data.swift; sourceTree = "<group>"; };
		CF9C98A9287D2141006AB8D7 /* SegmentViewController.swift */ = {isa = PBXFileReference; lastKnownFileType = sourcecode.swift; path = SegmentViewController.swift; sourceTree = "<group>"; };
/* End PBXFileReference section */

/* Begin PBXFrameworksBuildPhase section */
		CF9C988D287C2330006AB8D7 /* Frameworks */ = {
			isa = PBXFrameworksBuildPhase;
			buildActionMask = 2147483647;
			files = (
			);
			runOnlyForDeploymentPostprocessing = 0;
		};
/* End PBXFrameworksBuildPhase section */

/* Begin PBXGroup section */
		CF9C9887287C2330006AB8D7 = {
			isa = PBXGroup;
			children = (
				CF9C9892287C2330006AB8D7 /* EmotionDiary */,
				CF9C9891287C2330006AB8D7 /* Products */,
			);
			sourceTree = "<group>";
		};
		CF9C9891287C2330006AB8D7 /* Products */ = {
			isa = PBXGroup;
			children = (
				CF9C9890287C2330006AB8D7 /* EmotionDiary.app */,
			);
			name = Products;
			sourceTree = "<group>";
		};
		CF9C9892287C2330006AB8D7 /* EmotionDiary */ = {
			isa = PBXGroup;
			children = (
				CF9C9893287C2330006AB8D7 /* AppDelegate.swift */,
				CF9C9895287C2330006AB8D7 /* SceneDelegate.swift */,
				CF9C9897287C2330006AB8D7 /* ViewController.swift */,
				CF9C98A9287D2141006AB8D7 /* SegmentViewController.swift */,
				CF9C98A7287CA1B5006AB8D7 /* Data.swift */,
				CF9C9899287C2330006AB8D7 /* Main.storyboard */,
				CF6CC161287E963C00976A28 /* AnniverseryCalenderViewController.swift */,
				CF9C989C287C2331006AB8D7 /* Assets.xcassets */,
				CF9C989E287C2331006AB8D7 /* LaunchScreen.storyboard */,
				CF9C98A1287C2331006AB8D7 /* Info.plist */,
			);
			path = EmotionDiary;
			sourceTree = "<group>";
		};
/* End PBXGroup section */

/* Begin PBXNativeTarget section */
		CF9C988F287C2330006AB8D7 /* EmotionDiary */ = {
			isa = PBXNativeTarget;
			buildConfigurationList = CF9C98A4287C2331006AB8D7 /* Build configuration list for PBXNativeTarget "EmotionDiary" */;
			buildPhases = (
				CF9C988C287C2330006AB8D7 /* Sources */,
				CF9C988D287C2330006AB8D7 /* Frameworks */,
				CF9C988E287C2330006AB8D7 /* Resources */,
			);
			buildRules = (
			);
			dependencies = (
			);
			name = EmotionDiary;
			productName = EmotionDiary;
			productReference = CF9C9890287C2330006AB8D7 /* EmotionDiary.app */;
			productType = "com.apple.product-type.application";
		};
/* End PBXNativeTarget section */

/* Begin PBXProject section */
		CF9C9888287C2330006AB8D7 /* Project object */ = {
			isa = PBXProject;
			attributes = {
				BuildIndependentTargetsInParallel = 1;
				LastSwiftUpdateCheck = 1340;
				LastUpgradeCheck = 1340;
				TargetAttributes = {
					CF9C988F287C2330006AB8D7 = {
						CreatedOnToolsVersion = 13.4.1;
					};
				};
			};
			buildConfigurationList = CF9C988B287C2330006AB8D7 /* Build configuration list for PBXProject "EmotionDiary" */;
			compatibilityVersion = "Xcode 13.0";
			developmentRegion = en;
			hasScannedForEncodings = 0;
			knownRegions = (
				en,
				Base,
			);
			mainGroup = CF9C9887287C2330006AB8D7;
			productRefGroup = CF9C9891287C2330006AB8D7 /* Products */;
			projectDirPath = "";
			projectRoot = "";
			targets = (
				CF9C988F287C2330006AB8D7 /* EmotionDiary */,
			);
		};
/* End PBXProject section */

/* Begin PBXResourcesBuildPhase section */
		CF9C988E287C2330006AB8D7 /* Resources */ = {
			isa = PBXResourcesBuildPhase;
			buildActionMask = 2147483647;
			files = (
				CF9C98A0287C2331006AB8D7 /* LaunchScreen.storyboard in Resources */,
				CF9C989D287C2331006AB8D7 /* Assets.xcassets in Resources */,
				CF9C989B287C2330006AB8D7 /* Main.storyboard in Resources */,
			);
			runOnlyForDeploymentPostprocessing = 0;
		};
/* End PBXResourcesBuildPhase section */

/* Begin PBXSourcesBuildPhase section */
		CF9C988C287C2330006AB8D7 /* Sources */ = {
			isa = PBXSourcesBuildPhase;
			buildActionMask = 2147483647;
			files = (
				CF9C9898287C2330006AB8D7 /* ViewController.swift in Sources */,
				CF9C9894287C2330006AB8D7 /* AppDelegate.swift in Sources */,
				CF9C98AA287D2141006AB8D7 /* SegmentViewController.swift in Sources */,
				CF6CC162287E963C00976A28 /* AnniverseryCalenderViewController.swift in Sources */,
				CF9C9896287C2330006AB8D7 /* SceneDelegate.swift in Sources */,
				CF9C98A8287CA1B5006AB8D7 /* Data.swift in Sources */,
			);
			runOnlyForDeploymentPostprocessing = 0;
		};
/* End PBXSourcesBuildPhase section */

/* Begin PBXVariantGroup section */
		CF9C9899287C2330006AB8D7 /* Main.storyboard */ = {
			isa = PBXVariantGroup;
			children = (
				CF9C989A287C2330006AB8D7 /* Base */,
			);
			name = Main.storyboard;
			sourceTree = "<group>";
		};
		CF9C989E287C2331006AB8D7 /* LaunchScreen.storyboard */ = {
			isa = PBXVariantGroup;
			children = (
				CF9C989F287C2331006AB8D7 /* Base */,
			);
			name = LaunchScreen.storyboard;
			sourceTree = "<group>";
		};
/* End PBXVariantGroup section */

/* Begin XCBuildConfiguration section */
		CF9C98A2287C2331006AB8D7 /* Debug */ = {
			isa = XCBuildConfiguration;
			buildSettings = {
				ALWAYS_SEARCH_USER_PATHS = NO;
				CLANG_ANALYZER_NONNULL = YES;
				CLANG_ANALYZER_NUMBER_OBJECT_CONVERSION = YES_AGGRESSIVE;
				CLANG_CXX_LANGUAGE_STANDARD = "gnu++17";
				CLANG_ENABLE_MODULES = YES;
				CLANG_ENABLE_OBJC_ARC = YES;
				CLANG_ENABLE_OBJC_WEAK = YES;
				CLANG_WARN_BLOCK_CAPTURE_AUTORELEASING = YES;
				CLANG_WARN_BOOL_CONVERSION = YES;
				CLANG_WARN_COMMA = YES;
				CLANG_WARN_CONSTANT_CONVERSION = YES;
				CLANG_WARN_DEPRECATED_OBJC_IMPLEMENTATIONS = YES;
				CLANG_WARN_DIRECT_OBJC_ISA_USAGE = YES_ERROR;
				CLANG_WARN_DOCUMENTATION_COMMENTS = YES;
				CLANG_WARN_EMPTY_BODY = YES;
				CLANG_WARN_ENUM_CONVERSION = YES;
				CLANG_WARN_INFINITE_RECURSION = YES;
				CLANG_WARN_INT_CONVERSION = YES;
				CLANG_WARN_NON_LITERAL_NULL_CONVERSION = YES;
				CLANG_WARN_OBJC_IMPLICIT_RETAIN_SELF = YES;
				CLANG_WARN_OBJC_LITERAL_CONVERSION = YES;
				CLANG_WARN_OBJC_ROOT_CLASS = YES_ERROR;
				CLANG_WARN_QUOTED_INCLUDE_IN_FRAMEWORK_HEADER = YES;
				CLANG_WARN_RANGE_LOOP_ANALYSIS = YES;
				CLANG_WARN_STRICT_PROTOTYPES = YES;
				CLANG_WARN_SUSPICIOUS_MOVE = YES;
				CLANG_WARN_UNGUARDED_AVAILABILITY = YES_AGGRESSIVE;
				CLANG_WARN_UNREACHABLE_CODE = YES;
				CLANG_WARN__DUPLICATE_METHOD_MATCH = YES;
				COPY_PHASE_STRIP = NO;
				DEBUG_INFORMATION_FORMAT = dwarf;
				ENABLE_STRICT_OBJC_MSGSEND = YES;
				ENABLE_TESTABILITY = YES;
				GCC_C_LANGUAGE_STANDARD = gnu11;
				GCC_DYNAMIC_NO_PIC = NO;
				GCC_NO_COMMON_BLOCKS = YES;
				GCC_OPTIMIZATION_LEVEL = 0;
				GCC_PREPROCESSOR_DEFINITIONS = (
					"DEBUG=1",
					"$(inherited)",
				);
				GCC_WARN_64_TO_32_BIT_CONVERSION = YES;
				GCC_WARN_ABOUT_RETURN_TYPE = YES_ERROR;
				GCC_WARN_UNDECLARED_SELECTOR = YES;
				GCC_WARN_UNINITIALIZED_AUTOS = YES_AGGRESSIVE;
				GCC_WARN_UNUSED_FUNCTION = YES;
				GCC_WARN_UNUSED_VARIABLE = YES;
				IPHONEOS_DEPLOYMENT_TARGET = 15.5;
				MTL_ENABLE_DEBUG_INFO = INCLUDE_SOURCE;
				MTL_FAST_MATH = YES;
				ONLY_ACTIVE_ARCH = YES;
				SDKROOT = iphoneos;
				SWIFT_ACTIVE_COMPILATION_CONDITIONS = DEBUG;
				SWIFT_OPTIMIZATION_LEVEL = "-Onone";
			};
			name = Debug;
		};
		CF9C98A3287C2331006AB8D7 /* Release */ = {
			isa = XCBuildConfiguration;
			buildSettings = {
				ALWAYS_SEARCH_USER_PATHS = NO;
				CLANG_ANALYZER_NONNULL = YES;
				CLANG_ANALYZER_NUMBER_OBJECT_CONVERSION = YES_AGGRESSIVE;
				CLANG_CXX_LANGUAGE_STANDARD = "gnu++17";
				CLANG_ENABLE_MODULES = YES;
				CLANG_ENABLE_OBJC_ARC = YES;
				CLANG_ENABLE_OBJC_WEAK = YES;
				CLANG_WARN_BLOCK_CAPTURE_AUTORELEASING = YES;
				CLANG_WARN_BOOL_CONVERSION = YES;
				CLANG_WARN_COMMA = YES;
				CLANG_WARN_CONSTANT_CONVERSION = YES;
				CLANG_WARN_DEPRECATED_OBJC_IMPLEMENTATIONS = YES;
				CLANG_WARN_DIRECT_OBJC_ISA_USAGE = YES_ERROR;
				CLANG_WARN_DOCUMENTATION_COMMENTS = YES;
				CLANG_WARN_EMPTY_BODY = YES;
				CLANG_WARN_ENUM_CONVERSION = YES;
				CLANG_WARN_INFINITE_RECURSION = YES;
				CLANG_WARN_INT_CONVERSION = YES;
				CLANG_WARN_NON_LITERAL_NULL_CONVERSION = YES;
				CLANG_WARN_OBJC_IMPLICIT_RETAIN_SELF = YES;
				CLANG_WARN_OBJC_LITERAL_CONVERSION = YES;
				CLANG_WARN_OBJC_ROOT_CLASS = YES_ERROR;
				CLANG_WARN_QUOTED_INCLUDE_IN_FRAMEWORK_HEADER = YES;
				CLANG_WARN_RANGE_LOOP_ANALYSIS = YES;
				CLANG_WARN_STRICT_PROTOTYPES = YES;
				CLANG_WARN_SUSPICIOUS_MOVE = YES;
				CLANG_WARN_UNGUARDED_AVAILABILITY = YES_AGGRESSIVE;
				CLANG_WARN_UNREACHABLE_CODE = YES;
				CLANG_WARN__DUPLICATE_METHOD_MATCH = YES;
				COPY_PHASE_STRIP = NO;
				DEBUG_INFORMATION_FORMAT = "dwarf-with-dsym";
				ENABLE_NS_ASSERTIONS = NO;
				ENABLE_STRICT_OBJC_MSGSEND = YES;
				GCC_C_LANGUAGE_STANDARD = gnu11;
				GCC_NO_COMMON_BLOCKS = YES;
				GCC_WARN_64_TO_32_BIT_CONVERSION = YES;
				GCC_WARN_ABOUT_RETURN_TYPE = YES_ERROR;
				GCC_WARN_UNDECLARED_SELECTOR = YES;
				GCC_WARN_UNINITIALIZED_AUTOS = YES_AGGRESSIVE;
				GCC_WARN_UNUSED_FUNCTION = YES;
				GCC_WARN_UNUSED_VARIABLE = YES;
				IPHONEOS_DEPLOYMENT_TARGET = 15.5;
				MTL_ENABLE_DEBUG_INFO = NO;
				MTL_FAST_MATH = YES;
				SDKROOT = iphoneos;
				SWIFT_COMPILATION_MODE = wholemodule;
				SWIFT_OPTIMIZATION_LEVEL = "-O";
				VALIDATE_PRODUCT = YES;
			};
			name = Release;
		};
		CF9C98A5287C2331006AB8D7 /* Debug */ = {
			isa = XCBuildConfiguration;
			buildSettings = {
				ASSETCATALOG_COMPILER_APPICON_NAME = AppIcon;
				ASSETCATALOG_COMPILER_GLOBAL_ACCENT_COLOR_NAME = AccentColor;
				CODE_SIGN_STYLE = Automatic;
				CURRENT_PROJECT_VERSION = 1;
				DEVELOPMENT_TEAM = V39QSCSL6T;
				GENERATE_INFOPLIST_FILE = YES;
				INFOPLIST_FILE = EmotionDiary/Info.plist;
				INFOPLIST_KEY_UIApplicationSupportsIndirectInputEvents = YES;
				INFOPLIST_KEY_UILaunchStoryboardName = LaunchScreen;
				INFOPLIST_KEY_UIMainStoryboardFile = Main;
				INFOPLIST_KEY_UISupportedInterfaceOrientations = UIInterfaceOrientationPortrait;
				INFOPLIST_KEY_UISupportedInterfaceOrientations_iPad = "UIInterfaceOrientationPortrait UIInterfaceOrientationPortraitUpsideDown UIInterfaceOrientationLandscapeLeft UIInterfaceOrientationLandscapeRight";
				INFOPLIST_KEY_UISupportedInterfaceOrientations_iPhone = UIInterfaceOrientationPortrait;
				IPHONEOS_DEPLOYMENT_TARGET = 13.0;
				LD_RUNPATH_SEARCH_PATHS = (
					"$(inherited)",
					"@executable_path/Frameworks",
				);
				MARKETING_VERSION = 1.0;
				PRODUCT_BUNDLE_IDENTIFIER = com.sesac.lec.EmotionDiary;
				PRODUCT_NAME = "$(TARGET_NAME)";
				SWIFT_EMIT_LOC_STRINGS = YES;
				SWIFT_VERSION = 5.0;
				TARGETED_DEVICE_FAMILY = 1;
			};
			name = Debug;
		};
		CF9C98A6287C2331006AB8D7 /* Release */ = {
			isa = XCBuildConfiguration;
			buildSettings = {
				ASSETCATALOG_COMPILER_APPICON_NAME = AppIcon;
				ASSETCATALOG_COMPILER_GLOBAL_ACCENT_COLOR_NAME = AccentColor;
				CODE_SIGN_STYLE = Automatic;
				CURRENT_PROJECT_VERSION = 1;
				DEVELOPMENT_TEAM = V39QSCSL6T;
				GENERATE_INFOPLIST_FILE = YES;
				INFOPLIST_FILE = EmotionDiary/Info.plist;
				INFOPLIST_KEY_UIApplicationSupportsIndirectInputEvents = YES;
				INFOPLIST_KEY_UILaunchStoryboardName = LaunchScreen;
				INFOPLIST_KEY_UIMainStoryboardFile = Main;
				INFOPLIST_KEY_UISupportedInterfaceOrientations = UIInterfaceOrientationPortrait;
				INFOPLIST_KEY_UISupportedInterfaceOrientations_iPad = "UIInterfaceOrientationPortrait UIInterfaceOrientationPortraitUpsideDown UIInterfaceOrientationLandscapeLeft UIInterfaceOrientationLandscapeRight";
				INFOPLIST_KEY_UISupportedInterfaceOrientations_iPhone = UIInterfaceOrientationPortrait;
				IPHONEOS_DEPLOYMENT_TARGET = 13.0;
				LD_RUNPATH_SEARCH_PATHS = (
					"$(inherited)",
					"@executable_path/Frameworks",
				);
				MARKETING_VERSION = 1.0;
				PRODUCT_BUNDLE_IDENTIFIER = com.sesac.lec.EmotionDiary;
				PRODUCT_NAME = "$(TARGET_NAME)";
				SWIFT_EMIT_LOC_STRINGS = YES;
				SWIFT_VERSION = 5.0;
				TARGETED_DEVICE_FAMILY = 1;
			};
			name = Release;
		};
/* End XCBuildConfiguration section */

/* Begin XCConfigurationList section */
		CF9C988B287C2330006AB8D7 /* Build configuration list for PBXProject "EmotionDiary" */ = {
			isa = XCConfigurationList;
			buildConfigurations = (
				CF9C98A2287C2331006AB8D7 /* Debug */,
				CF9C98A3287C2331006AB8D7 /* Release */,
			);
			defaultConfigurationIsVisible = 0;
			defaultConfigurationName = Release;
		};
		CF9C98A4287C2331006AB8D7 /* Build configuration list for PBXNativeTarget "EmotionDiary" */ = {
			isa = XCConfigurationList;
			buildConfigurations = (
				CF9C98A5287C2331006AB8D7 /* Debug */,
				CF9C98A6287C2331006AB8D7 /* Release */,
			);
			defaultConfigurationIsVisible = 0;
			defaultConfigurationName = Release;
		};
/* End XCConfigurationList section */
	};
	rootObject = CF9C9888287C2330006AB8D7 /* Project object */;
}
